
Microsoft Visual Studio Solution File, Format Version 12.00
# Visual Studio Version 16
VisualStudioVersion = 25.0.1706.9
MinimumVisualStudioVersion = 10.0.40219.1
Project("{FAE04EC0-301F-11D3-BF4B-00C04F79EFBC}") = "Lab5", "Lab5\Lab5.csproj", "{973DB816-97E7-4E67-915B-D7AF430D3975}"
EndProject
Global
	GlobalSection(SolutionConfigurationPlatforms) = preSolution
		Debug|Any CPU = Debug|Any CPU
		Release|Any CPU = Release|Any CPU
	EndGlobalSection
	GlobalSection(ProjectConfigurationPlatforms) = postSolution
		{973DB816-97E7-4E67-915B-D7AF430D3975}.Debug|Any CPU.ActiveCfg = Debug|Any CPU
		{973DB816-97E7-4E67-915B-D7AF430D3975}.Debug|Any CPU.Build.0 = Debug|Any CPU
		{973DB816-97E7-4E67-915B-D7AF430D3975}.Release|Any CPU.ActiveCfg = Release|Any CPU
		{973DB816-97E7-4E67-915B-D7AF430D3975}.Release|Any CPU.Build.0 = Release|Any CPU
	EndGlobalSection
	GlobalSection(SolutionProperties) = preSolution
		HideSolutionNode = FALSE
	EndGlobalSection
	GlobalSection(ExtensibilityGlobals) = postSolution
		SolutionGuid = {4867F44B-E6FD-4BAF-B23C-2CCB57D75249}
	EndGlobalSection
EndGlobal
